
Microsoft Visual Studio Solution File, Format Version 12.00
# Visual Studio Version 17
VisualStudioVersion = 17.5.33530.505
MinimumVisualStudioVersion = 10.0.40219.1
Project("{9A19103F-16F7-4668-BE54-9A1E7A4F7556}") = "SzerverApp", "SzerverApp\SzerverApp.csproj", "{23CA483D-BEB0-4B9F-B722-C61527827782}"
EndProject
Project("{9A19103F-16F7-4668-BE54-9A1E7A4F7556}") = "IrodaiKliensApp", "IrodaiKliensApp\IrodaiKliensApp.csproj", "{A587C8EE-26A3-4BD7-B0B8-F8ED1AECBE35}"
EndProject
Project("{9A19103F-16F7-4668-BE54-9A1E7A4F7556}") = "Beadando.Contract", "Beadando.Contract\Beadando.Contract.csproj", "{443B6E44-0D03-46B3-9112-9AC3068FCADD}"
EndProject
Project("{9A19103F-16F7-4668-BE54-9A1E7A4F7556}") = "UjKliens", "UjKliens\UjKliens.csproj", "{2FBAB66B-4741-499F-B581-BAA2B0EBAC63}"
EndProject
Global
	GlobalSection(SolutionConfigurationPlatforms) = preSolution
		Debug|Any CPU = Debug|Any CPU
		Release|Any CPU = Release|Any CPU
	EndGlobalSection
	GlobalSection(ProjectConfigurationPlatforms) = postSolution
		{23CA483D-BEB0-4B9F-B722-C61527827782}.Debug|Any CPU.ActiveCfg = Debug|Any CPU
		{23CA483D-BEB0-4B9F-B722-C61527827782}.Debug|Any CPU.Build.0 = Debug|Any CPU
		{23CA483D-BEB0-4B9F-B722-C61527827782}.Release|Any CPU.ActiveCfg = Release|Any CPU
		{23CA483D-BEB0-4B9F-B722-C61527827782}.Release|Any CPU.Build.0 = Release|Any CPU
		{A587C8EE-26A3-4BD7-B0B8-F8ED1AECBE35}.Debug|Any CPU.ActiveCfg = Debug|Any CPU
		{A587C8EE-26A3-4BD7-B0B8-F8ED1AECBE35}.Debug|Any CPU.Build.0 = Debug|Any CPU
		{A587C8EE-26A3-4BD7-B0B8-F8ED1AECBE35}.Release|Any CPU.ActiveCfg = Release|Any CPU
		{A587C8EE-26A3-4BD7-B0B8-F8ED1AECBE35}.Release|Any CPU.Build.0 = Release|Any CPU
		{443B6E44-0D03-46B3-9112-9AC3068FCADD}.Debug|Any CPU.ActiveCfg = Debug|Any CPU
		{443B6E44-0D03-46B3-9112-9AC3068FCADD}.Debug|Any CPU.Build.0 = Debug|Any CPU
		{443B6E44-0D03-46B3-9112-9AC3068FCADD}.Release|Any CPU.ActiveCfg = Release|Any CPU
		{443B6E44-0D03-46B3-9112-9AC3068FCADD}.Release|Any CPU.Build.0 = Release|Any CPU
		{2FBAB66B-4741-499F-B581-BAA2B0EBAC63}.Debug|Any CPU.ActiveCfg = Debug|Any CPU
		{2FBAB66B-4741-499F-B581-BAA2B0EBAC63}.Debug|Any CPU.Build.0 = Debug|Any CPU
		{2FBAB66B-4741-499F-B581-BAA2B0EBAC63}.Release|Any CPU.ActiveCfg = Release|Any CPU
		{2FBAB66B-4741-499F-B581-BAA2B0EBAC63}.Release|Any CPU.Build.0 = Release|Any CPU
	EndGlobalSection
	GlobalSection(SolutionProperties) = preSolution
		HideSolutionNode = FALSE
	EndGlobalSection
	GlobalSection(ExtensibilityGlobals) = postSolution
		SolutionGuid = {A358098F-7889-4876-960C-772C85238A2F}
	EndGlobalSection
EndGlobal
