
Microsoft Visual Studio Solution File, Format Version 12.00
# Visual Studio Version 17
VisualStudioVersion = 17.5.33530.505
MinimumVisualStudioVersion = 10.0.40219.1
Project("{9A19103F-16F7-4668-BE54-9A1E7A4F7556}") = "IrodaiKliensApp", "BlazorApp1\IrodaiKliensApp.csproj", "{6147FCF8-03D1-4DEF-88FF-D4281461F9DE}"
EndProject
Project("{9A19103F-16F7-4668-BE54-9A1E7A4F7556}") = "SzereloKliensApp", "Szerelo\SzereloKliensApp.csproj", "{C4833C02-4DA5-40B5-AF8E-2CBD855D2134}"
EndProject
Project("{9A19103F-16F7-4668-BE54-9A1E7A4F7556}") = "SzerverApp", "SzerverApp\SzerverApp.csproj", "{2272DAC3-6D1A-463E-B97F-D1C63E996A99}"
EndProject
Global
	GlobalSection(SolutionConfigurationPlatforms) = preSolution
		Debug|Any CPU = Debug|Any CPU
		Release|Any CPU = Release|Any CPU
	EndGlobalSection
	GlobalSection(ProjectConfigurationPlatforms) = postSolution
		{6147FCF8-03D1-4DEF-88FF-D4281461F9DE}.Debug|Any CPU.ActiveCfg = Debug|Any CPU
		{6147FCF8-03D1-4DEF-88FF-D4281461F9DE}.Debug|Any CPU.Build.0 = Debug|Any CPU
		{6147FCF8-03D1-4DEF-88FF-D4281461F9DE}.Release|Any CPU.ActiveCfg = Release|Any CPU
		{6147FCF8-03D1-4DEF-88FF-D4281461F9DE}.Release|Any CPU.Build.0 = Release|Any CPU
		{C4833C02-4DA5-40B5-AF8E-2CBD855D2134}.Debug|Any CPU.ActiveCfg = Debug|Any CPU
		{C4833C02-4DA5-40B5-AF8E-2CBD855D2134}.Debug|Any CPU.Build.0 = Debug|Any CPU
		{C4833C02-4DA5-40B5-AF8E-2CBD855D2134}.Release|Any CPU.ActiveCfg = Release|Any CPU
		{C4833C02-4DA5-40B5-AF8E-2CBD855D2134}.Release|Any CPU.Build.0 = Release|Any CPU
		{2272DAC3-6D1A-463E-B97F-D1C63E996A99}.Debug|Any CPU.ActiveCfg = Debug|Any CPU
		{2272DAC3-6D1A-463E-B97F-D1C63E996A99}.Debug|Any CPU.Build.0 = Debug|Any CPU
		{2272DAC3-6D1A-463E-B97F-D1C63E996A99}.Release|Any CPU.ActiveCfg = Release|Any CPU
		{2272DAC3-6D1A-463E-B97F-D1C63E996A99}.Release|Any CPU.Build.0 = Release|Any CPU
	EndGlobalSection
	GlobalSection(SolutionProperties) = preSolution
		HideSolutionNode = FALSE
	EndGlobalSection
	GlobalSection(ExtensibilityGlobals) = postSolution
		SolutionGuid = {8A24466D-BDB0-4264-A05B-205DE0C6E869}
	EndGlobalSection
EndGlobal
